
Microsoft Visual Studio Solution File, Format Version 12.00
# Visual Studio 2013
Project("{FAE04EC0-301F-11D3-BF4B-00C04F79EFBC}") = "UnityVS.Local Actionstreetmap.CSharp", "UnityVS.Local Actionstreetmap.CSharp.csproj", "{2F59D72F-5F00-03B7-BEE4-834E0C6BA4B1}"
EndProject
Project("{FAE04EC0-301F-11D3-BF4B-00C04F79EFBC}") = "UnityVS.Local Actionstreetmap.CSharp.Plugins", "UnityVS.Local Actionstreetmap.CSharp.Plugins.csproj", "{DE8EF939-CE76-B9E2-14C0-DADEF1409552}"
EndProject
Global
	GlobalSection(SolutionConfigurationPlatforms) = preSolution
		Debug|Any CPU = Debug|Any CPU
		Release|Any CPU = Release|Any CPU
	EndGlobalSection
	GlobalSection(ProjectConfigurationPlatforms) = postSolution
		{2F59D72F-5F00-03B7-BEE4-834E0C6BA4B1}.Debug|Any CPU.ActiveCfg = Debug|Any CPU
		{2F59D72F-5F00-03B7-BEE4-834E0C6BA4B1}.Debug|Any CPU.Build.0 = Debug|Any CPU
		{2F59D72F-5F00-03B7-BEE4-834E0C6BA4B1}.Release|Any CPU.ActiveCfg = Release|Any CPU
		{2F59D72F-5F00-03B7-BEE4-834E0C6BA4B1}.Release|Any CPU.Build.0 = Release|Any CPU
		{DE8EF939-CE76-B9E2-14C0-DADEF1409552}.Debug|Any CPU.ActiveCfg = Debug|Any CPU
		{DE8EF939-CE76-B9E2-14C0-DADEF1409552}.Debug|Any CPU.Build.0 = Debug|Any CPU
		{DE8EF939-CE76-B9E2-14C0-DADEF1409552}.Release|Any CPU.ActiveCfg = Release|Any CPU
		{DE8EF939-CE76-B9E2-14C0-DADEF1409552}.Release|Any CPU.Build.0 = Release|Any CPU
	EndGlobalSection
	GlobalSection(SolutionProperties) = preSolution
		HideSolutionNode = FALSE
	EndGlobalSection
EndGlobal
